// !$*UTF8*$!
{
	archiveVersion = 1;
	classes = {
	};
	objectVersion = 46;
	objects = {

/* Begin PBXBuildFile section */
		394C876F1E84EECA00FC4FE3 /* AppDelegate.swift in Sources */ = {isa = PBXBuildFile; fileRef = 394C876E1E84EECA00FC4FE3 /* AppDelegate.swift */; };
		394C87741E84EECA00FC4FE3 /* Main.storyboard in Resources */ = {isa = PBXBuildFile; fileRef = 394C87721E84EECA00FC4FE3 /* Main.storyboard */; };
		394C87761E84EECA00FC4FE3 /* Assets.xcassets in Resources */ = {isa = PBXBuildFile; fileRef = 394C87751E84EECA00FC4FE3 /* Assets.xcassets */; };
		394C87791E84EECA00FC4FE3 /* LaunchScreen.storyboard in Resources */ = {isa = PBXBuildFile; fileRef = 394C87771E84EECA00FC4FE3 /* LaunchScreen.storyboard */; };
		39A17F7B1E84F2EA002910E9 /* signatureViewController.swift in Sources */ = {isa = PBXBuildFile; fileRef = 39A17F7A1E84F2EA002910E9 /* signatureViewController.swift */; };
		39A17F7D1E850010002910E9 /* MovieTableViewController.swift in Sources */ = {isa = PBXBuildFile; fileRef = 39A17F7C1E850010002910E9 /* MovieTableViewController.swift */; };
		39A17F7F1E85006E002910E9 /* Movie.swift in Sources */ = {isa = PBXBuildFile; fileRef = 39A17F7E1E85006E002910E9 /* Movie.swift */; };
		39A17F811E8505D6002910E9 /* MovieTableViewCell.swift in Sources */ = {isa = PBXBuildFile; fileRef = 39A17F801E8505D6002910E9 /* MovieTableViewCell.swift */; };
		39A17F831E850BC2002910E9 /* DetailViewController.swift in Sources */ = {isa = PBXBuildFile; fileRef = 39A17F821E850BC2002910E9 /* DetailViewController.swift */; };
/* End PBXBuildFile section */

/* Begin PBXFileReference section */
		394C876B1E84EECA00FC4FE3 /* MovieApp.app */ = {isa = PBXFileReference; explicitFileType = wrapper.application; includeInIndex = 0; path = MovieApp.app; sourceTree = BUILT_PRODUCTS_DIR; };
		394C876E1E84EECA00FC4FE3 /* AppDelegate.swift */ = {isa = PBXFileReference; lastKnownFileType = sourcecode.swift; path = AppDelegate.swift; sourceTree = "<group>"; };
		394C87731E84EECA00FC4FE3 /* Base */ = {isa = PBXFileReference; lastKnownFileType = file.storyboard; name = Base; path = Base.lproj/Main.storyboard; sourceTree = "<group>"; };
		394C87751E84EECA00FC4FE3 /* Assets.xcassets */ = {isa = PBXFileReference; lastKnownFileType = folder.assetcatalog; path = Assets.xcassets; sourceTree = "<group>"; };
		394C87781E84EECA00FC4FE3 /* Base */ = {isa = PBXFileReference; lastKnownFileType = file.storyboard; name = Base; path = Base.lproj/LaunchScreen.storyboard; sourceTree = "<group>"; };
		394C877A1E84EECA00FC4FE3 /* Info.plist */ = {isa = PBXFileReference; lastKnownFileType = text.plist.xml; path = Info.plist; sourceTree = "<group>"; };
		39A17F7A1E84F2EA002910E9 /* signatureViewController.swift */ = {isa = PBXFileReference; fileEncoding = 4; lastKnownFileType = sourcecode.swift; path = signatureViewController.swift; sourceTree = "<group>"; };
		39A17F7C1E850010002910E9 /* MovieTableViewController.swift */ = {isa = PBXFileReference; fileEncoding = 4; lastKnownFileType = sourcecode.swift; path = MovieTableViewController.swift; sourceTree = "<group>"; };
		39A17F7E1E85006E002910E9 /* Movie.swift */ = {isa = PBXFileReference; fileEncoding = 4; lastKnownFileType = sourcecode.swift; path = Movie.swift; sourceTree = "<group>"; };
		39A17F801E8505D6002910E9 /* MovieTableViewCell.swift */ = {isa = PBXFileReference; fileEncoding = 4; lastKnownFileType = sourcecode.swift; path = MovieTableViewCell.swift; sourceTree = "<group>"; };
		39A17F821E850BC2002910E9 /* DetailViewController.swift */ = {isa = PBXFileReference; fileEncoding = 4; lastKnownFileType = sourcecode.swift; path = DetailViewController.swift; sourceTree = "<group>"; };
/* End PBXFileReference section */

/* Begin PBXFrameworksBuildPhase section */
		394C87681E84EECA00FC4FE3 /* Frameworks */ = {
			isa = PBXFrameworksBuildPhase;
			buildActionMask = 2147483647;
			files = (
			);
			runOnlyForDeploymentPostprocessing = 0;
		};
/* End PBXFrameworksBuildPhase section */

/* Begin PBXGroup section */
		394C87621E84EECA00FC4FE3 = {
			isa = PBXGroup;
			children = (
				394C876D1E84EECA00FC4FE3 /* MovieApp */,
				394C876C1E84EECA00FC4FE3 /* Products */,
			);
			sourceTree = "<group>";
		};
		394C876C1E84EECA00FC4FE3 /* Products */ = {
			isa = PBXGroup;
			children = (
				394C876B1E84EECA00FC4FE3 /* MovieApp.app */,
			);
			name = Products;
			sourceTree = "<group>";
		};
		394C876D1E84EECA00FC4FE3 /* MovieApp */ = {
			isa = PBXGroup;
			children = (
				394C876E1E84EECA00FC4FE3 /* AppDelegate.swift */,
				394C87721E84EECA00FC4FE3 /* Main.storyboard */,
				394C87751E84EECA00FC4FE3 /* Assets.xcassets */,
				394C87771E84EECA00FC4FE3 /* LaunchScreen.storyboard */,
				394C877A1E84EECA00FC4FE3 /* Info.plist */,
				39A17F7A1E84F2EA002910E9 /* signatureViewController.swift */,
				39A17F7C1E850010002910E9 /* MovieTableViewController.swift */,
				39A17F7E1E85006E002910E9 /* Movie.swift */,
				39A17F801E8505D6002910E9 /* MovieTableViewCell.swift */,
				39A17F821E850BC2002910E9 /* DetailViewController.swift */,
			);
			path = MovieApp;
			sourceTree = "<group>";
		};
/* End PBXGroup section */

/* Begin PBXNativeTarget section */
		394C876A1E84EECA00FC4FE3 /* MovieApp */ = {
			isa = PBXNativeTarget;
			buildConfigurationList = 394C877D1E84EECA00FC4FE3 /* Build configuration list for PBXNativeTarget "MovieApp" */;
			buildPhases = (
				394C87671E84EECA00FC4FE3 /* Sources */,
				394C87681E84EECA00FC4FE3 /* Frameworks */,
				394C87691E84EECA00FC4FE3 /* Resources */,
			);
			buildRules = (
			);
			dependencies = (
			);
			name = MovieApp;
			productName = MovieApp;
			productReference = 394C876B1E84EECA00FC4FE3 /* MovieApp.app */;
			productType = "com.apple.product-type.application";
		};
/* End PBXNativeTarget section */

/* Begin PBXProject section */
		394C87631E84EECA00FC4FE3 /* Project object */ = {
			isa = PBXProject;
			attributes = {
				LastSwiftUpdateCheck = 0820;
				LastUpgradeCheck = 0820;
				ORGANIZATIONNAME = "楷岷 張";
				TargetAttributes = {
					394C876A1E84EECA00FC4FE3 = {
						CreatedOnToolsVersion = 8.2.1;
						DevelopmentTeam = WCFPRNZ278;
						ProvisioningStyle = Automatic;
					};
				};
			};
			buildConfigurationList = 394C87661E84EECA00FC4FE3 /* Build configuration list for PBXProject "MovieApp" */;
			compatibilityVersion = "Xcode 3.2";
			developmentRegion = English;
			hasScannedForEncodings = 0;
			knownRegions = (
				en,
				Base,
			);
			mainGroup = 394C87621E84EECA00FC4FE3;
			productRefGroup = 394C876C1E84EECA00FC4FE3 /* Products */;
			projectDirPath = "";
			projectRoot = "";
			targets = (
				394C876A1E84EECA00FC4FE3 /* MovieApp */,
			);
		};
/* End PBXProject section */

/* Begin PBXResourcesBuildPhase section */
		394C87691E84EECA00FC4FE3 /* Resources */ = {
			isa = PBXResourcesBuildPhase;
			buildActionMask = 2147483647;
			files = (
				394C87791E84EECA00FC4FE3 /* LaunchScreen.storyboard in Resources */,
				394C87761E84EECA00FC4FE3 /* Assets.xcassets in Resources */,
				394C87741E84EECA00FC4FE3 /* Main.storyboard in Resources */,
			);
			runOnlyForDeploymentPostprocessing = 0;
		};
/* End PBXResourcesBuildPhase section */

/* Begin PBXSourcesBuildPhase section */
		394C87671E84EECA00FC4FE3 /* Sources */ = {
			isa = PBXSourcesBuildPhase;
			buildActionMask = 2147483647;
			files = (
				39A17F811E8505D6002910E9 /* MovieTableViewCell.swift in Sources */,
				394C876F1E84EECA00FC4FE3 /* AppDelegate.swift in Sources */,
				39A17F7F1E85006E002910E9 /* Movie.swift in Sources */,
				39A17F831E850BC2002910E9 /* DetailViewController.swift in Sources */,
				39A17F7B1E84F2EA002910E9 /* signatureViewController.swift in Sources */,
				39A17F7D1E850010002910E9 /* MovieTableViewController.swift in Sources */,
			);
			runOnlyForDeploymentPostprocessing = 0;
		};
/* End PBXSourcesBuildPhase section */

/* Begin PBXVariantGroup section */
		394C87721E84EECA00FC4FE3 /* Main.storyboard */ = {
			isa = PBXVariantGroup;
			children = (
				394C87731E84EECA00FC4FE3 /* Base */,
			);
			name = Main.storyboard;
			sourceTree = "<group>";
		};
		394C87771E84EECA00FC4FE3 /* LaunchScreen.storyboard */ = {
			isa = PBXVariantGroup;
			children = (
				394C87781E84EECA00FC4FE3 /* Base */,
			);
			name = LaunchScreen.storyboard;
			sourceTree = "<group>";
		};
/* End PBXVariantGroup section */

/* Begin XCBuildConfiguration section */
		394C877B1E84EECA00FC4FE3 /* Debug */ = {
			isa = XCBuildConfiguration;
			buildSettings = {
				ALWAYS_SEARCH_USER_PATHS = NO;
				CLANG_ANALYZER_NONNULL = YES;
				CLANG_CXX_LANGUAGE_STANDARD = "gnu++0x";
				CLANG_CXX_LIBRARY = "libc++";
				CLANG_ENABLE_MODULES = YES;
				CLANG_ENABLE_OBJC_ARC = YES;
				CLANG_WARN_BOOL_CONVERSION = YES;
				CLANG_WARN_CONSTANT_CONVERSION = YES;
				CLANG_WARN_DIRECT_OBJC_ISA_USAGE = YES_ERROR;
				CLANG_WARN_DOCUMENTATION_COMMENTS = YES;
				CLANG_WARN_EMPTY_BODY = YES;
				CLANG_WARN_ENUM_CONVERSION = YES;
				CLANG_WARN_INFINITE_RECURSION = YES;
				CLANG_WARN_INT_CONVERSION = YES;
				CLANG_WARN_OBJC_ROOT_CLASS = YES_ERROR;
				CLANG_WARN_SUSPICIOUS_MOVE = YES;
				CLANG_WARN_UNREACHABLE_CODE = YES;
				CLANG_WARN__DUPLICATE_METHOD_MATCH = YES;
				"CODE_SIGN_IDENTITY[sdk=iphoneos*]" = "iPhone Developer";
				COPY_PHASE_STRIP = NO;
				DEBUG_INFORMATION_FORMAT = dwarf;
				ENABLE_STRICT_OBJC_MSGSEND = YES;
				ENABLE_TESTABILITY = YES;
				GCC_C_LANGUAGE_STANDARD = gnu99;
				GCC_DYNAMIC_NO_PIC = NO;
				GCC_NO_COMMON_BLOCKS = YES;
				GCC_OPTIMIZATION_LEVEL = 0;
				GCC_PREPROCESSOR_DEFINITIONS = (
					"DEBUG=1",
					"$(inherited)",
				);
				GCC_WARN_64_TO_32_BIT_CONVERSION = YES;
				GCC_WARN_ABOUT_RETURN_TYPE = YES_ERROR;
				GCC_WARN_UNDECLARED_SELECTOR = YES;
				GCC_WARN_UNINITIALIZED_AUTOS = YES_AGGRESSIVE;
				GCC_WARN_UNUSED_FUNCTION = YES;
				GCC_WARN_UNUSED_VARIABLE = YES;
				IPHONEOS_DEPLOYMENT_TARGET = 10.2;
				MTL_ENABLE_DEBUG_INFO = YES;
				ONLY_ACTIVE_ARCH = YES;
				SDKROOT = iphoneos;
				SWIFT_ACTIVE_COMPILATION_CONDITIONS = DEBUG;
				SWIFT_OPTIMIZATION_LEVEL = "-Onone";
				TARGETED_DEVICE_FAMILY = "1,2";
			};
			name = Debug;
		};
		394C877C1E84EECA00FC4FE3 /* Release */ = {
			isa = XCBuildConfiguration;
			buildSettings = {
				ALWAYS_SEARCH_USER_PATHS = NO;
				CLANG_ANALYZER_NONNULL = YES;
				CLANG_CXX_LANGUAGE_STANDARD = "gnu++0x";
				CLANG_CXX_LIBRARY = "libc++";
				CLANG_ENABLE_MODULES = YES;
				CLANG_ENABLE_OBJC_ARC = YES;
				CLANG_WARN_BOOL_CONVERSION = YES;
				CLANG_WARN_CONSTANT_CONVERSION = YES;
				CLANG_WARN_DIRECT_OBJC_ISA_USAGE = YES_ERROR;
				CLANG_WARN_DOCUMENTATION_COMMENTS = YES;
				CLANG_WARN_EMPTY_BODY = YES;
				CLANG_WARN_ENUM_CONVERSION = YES;
				CLANG_WARN_INFINITE_RECURSION = YES;
				CLANG_WARN_INT_CONVERSION = YES;
				CLANG_WARN_OBJC_ROOT_CLASS = YES_ERROR;
				CLANG_WARN_SUSPICIOUS_MOVE = YES;
				CLANG_WARN_UNREACHABLE_CODE = YES;
				CLANG_WARN__DUPLICATE_METHOD_MATCH = YES;
				"CODE_SIGN_IDENTITY[sdk=iphoneos*]" = "iPhone Developer";
				COPY_PHASE_STRIP = NO;
				DEBUG_INFORMATION_FORMAT = "dwarf-with-dsym";
				ENABLE_NS_ASSERTIONS = NO;
				ENABLE_STRICT_OBJC_MSGSEND = YES;
				GCC_C_LANGUAGE_STANDARD = gnu99;
				GCC_NO_COMMON_BLOCKS = YES;
				GCC_WARN_64_TO_32_BIT_CONVERSION = YES;
				GCC_WARN_ABOUT_RETURN_TYPE = YES_ERROR;
				GCC_WARN_UNDECLARED_SELECTOR = YES;
				GCC_WARN_UNINITIALIZED_AUTOS = YES_AGGRESSIVE;
				GCC_WARN_UNUSED_FUNCTION = YES;
				GCC_WARN_UNUSED_VARIABLE = YES;
				IPHONEOS_DEPLOYMENT_TARGET = 10.2;
				MTL_ENABLE_DEBUG_INFO = NO;
				SDKROOT = iphoneos;
				SWIFT_OPTIMIZATION_LEVEL = "-Owholemodule";
				TARGETED_DEVICE_FAMILY = "1,2";
				VALIDATE_PRODUCT = YES;
			};
			name = Release;
		};
		394C877E1E84EECA00FC4FE3 /* Debug */ = {
			isa = XCBuildConfiguration;
			buildSettings = {
				ASSETCATALOG_COMPILER_APPICON_NAME = AppIcon;
				DEVELOPMENT_TEAM = WCFPRNZ278;
				INFOPLIST_FILE = MovieApp/Info.plist;
				LD_RUNPATH_SEARCH_PATHS = "$(inherited) @executable_path/Frameworks";
				PRODUCT_BUNDLE_IDENTIFIER = com.min.MovieApp;
				PRODUCT_NAME = "$(TARGET_NAME)";
				SWIFT_VERSION = 3.0;
			};
			name = Debug;
		};
		394C877F1E84EECA00FC4FE3 /* Release */ = {
			isa = XCBuildConfiguration;
			buildSettings = {
				ASSETCATALOG_COMPILER_APPICON_NAME = AppIcon;
				DEVELOPMENT_TEAM = WCFPRNZ278;
				INFOPLIST_FILE = MovieApp/Info.plist;
				LD_RUNPATH_SEARCH_PATHS = "$(inherited) @executable_path/Frameworks";
				PRODUCT_BUNDLE_IDENTIFIER = com.min.MovieApp;
				PRODUCT_NAME = "$(TARGET_NAME)";
				SWIFT_VERSION = 3.0;
			};
			name = Release;
		};
/* End XCBuildConfiguration section */

/* Begin XCConfigurationList section */
		394C87661E84EECA00FC4FE3 /* Build configuration list for PBXProject "MovieApp" */ = {
			isa = XCConfigurationList;
			buildConfigurations = (
				394C877B1E84EECA00FC4FE3 /* Debug */,
				394C877C1E84EECA00FC4FE3 /* Release */,
			);
			defaultConfigurationIsVisible = 0;
			defaultConfigurationName = Release;
		};
		394C877D1E84EECA00FC4FE3 /* Build configuration list for PBXNativeTarget "MovieApp" */ = {
			isa = XCConfigurationList;
			buildConfigurations = (
				394C877E1E84EECA00FC4FE3 /* Debug */,
				394C877F1E84EECA00FC4FE3 /* Release */,
			);
			defaultConfigurationIsVisible = 0;
			defaultConfigurationName = Release;
		};
/* End XCConfigurationList section */
	};
	rootObject = 394C87631E84EECA00FC4FE3 /* Project object */;
}
